
Microsoft Visual Studio Solution File, Format Version 12.00
# Visual Studio Version 16
VisualStudioVersion = 16.0.30114.105
MinimumVisualStudioVersion = 10.0.40219.1
Project("{FAE04EC0-301F-11D3-BF4B-00C04F79EFBC}") = "Functions", "Functions\Functions.csproj", "{406DD375-6CD1-4877-9EFC-EE673FD19E23}"
EndProject
Project("{FAE04EC0-301F-11D3-BF4B-00C04F79EFBC}") = "UnitTests", "UnitTests\UnitTests.csproj", "{1F7639CB-CA72-4A9F-AFF0-33F07C8B32BC}"
EndProject
Global
	GlobalSection(SolutionConfigurationPlatforms) = preSolution
		Debug|Any CPU = Debug|Any CPU
		Release|Any CPU = Release|Any CPU
	EndGlobalSection
	GlobalSection(SolutionProperties) = preSolution
		HideSolutionNode = FALSE
	EndGlobalSection
	GlobalSection(ProjectConfigurationPlatforms) = postSolution
		{406DD375-6CD1-4877-9EFC-EE673FD19E23}.Debug|Any CPU.ActiveCfg = Debug|Any CPU
		{406DD375-6CD1-4877-9EFC-EE673FD19E23}.Debug|Any CPU.Build.0 = Debug|Any CPU
		{406DD375-6CD1-4877-9EFC-EE673FD19E23}.Release|Any CPU.ActiveCfg = Release|Any CPU
		{406DD375-6CD1-4877-9EFC-EE673FD19E23}.Release|Any CPU.Build.0 = Release|Any CPU
		{1F7639CB-CA72-4A9F-AFF0-33F07C8B32BC}.Debug|Any CPU.ActiveCfg = Debug|Any CPU
		{1F7639CB-CA72-4A9F-AFF0-33F07C8B32BC}.Debug|Any CPU.Build.0 = Debug|Any CPU
		{1F7639CB-CA72-4A9F-AFF0-33F07C8B32BC}.Release|Any CPU.ActiveCfg = Release|Any CPU
		{1F7639CB-CA72-4A9F-AFF0-33F07C8B32BC}.Release|Any CPU.Build.0 = Release|Any CPU
	EndGlobalSection
EndGlobal
